
Microsoft Visual Studio Solution File, Format Version 12.00
# Visual Studio 2013
VisualStudioVersion = 12.0.21005.1
MinimumVisualStudioVersion = 10.0.40219.1
Project("{FAE04EC0-301F-11D3-BF4B-00C04F79EFBC}") = "RuntimeTypes", "RuntimeTypes\RuntimeTypes.csproj", "{9CBA1582-6EBF-4BE6-A324-0F8EC99C0BDD}"
EndProject
Project("{FAE04EC0-301F-11D3-BF4B-00C04F79EFBC}") = "TestRuntimeTypes", "TestRuntimeTypes\TestRuntimeTypes.csproj", "{33042A7F-C8D6-4182-BCAF-7278353E72DE}"
EndProject
Global
	GlobalSection(SolutionConfigurationPlatforms) = preSolution
		Debug|Any CPU = Debug|Any CPU
		Release|Any CPU = Release|Any CPU
	EndGlobalSection
	GlobalSection(ProjectConfigurationPlatforms) = postSolution
		{9CBA1582-6EBF-4BE6-A324-0F8EC99C0BDD}.Debug|Any CPU.ActiveCfg = Debug|Any CPU
		{9CBA1582-6EBF-4BE6-A324-0F8EC99C0BDD}.Debug|Any CPU.Build.0 = Debug|Any CPU
		{9CBA1582-6EBF-4BE6-A324-0F8EC99C0BDD}.Release|Any CPU.ActiveCfg = Release|Any CPU
		{9CBA1582-6EBF-4BE6-A324-0F8EC99C0BDD}.Release|Any CPU.Build.0 = Release|Any CPU
		{33042A7F-C8D6-4182-BCAF-7278353E72DE}.Debug|Any CPU.ActiveCfg = Debug|Any CPU
		{33042A7F-C8D6-4182-BCAF-7278353E72DE}.Debug|Any CPU.Build.0 = Debug|Any CPU
		{33042A7F-C8D6-4182-BCAF-7278353E72DE}.Release|Any CPU.ActiveCfg = Release|Any CPU
		{33042A7F-C8D6-4182-BCAF-7278353E72DE}.Release|Any CPU.Build.0 = Release|Any CPU
	EndGlobalSection
	GlobalSection(SolutionProperties) = preSolution
		HideSolutionNode = FALSE
	EndGlobalSection
EndGlobal
